
Microsoft Visual Studio Solution File, Format Version 12.00
# Visual Studio Version 17
VisualStudioVersion = 17.14.36202.13 d17.14
MinimumVisualStudioVersion = 10.0.40219.1
Project("{8BC9CEB8-8B4A-11D0-8D11-00A0C91BC942}") = "CRA_2nd_CommonSubject0609", "CRA_2nd_CommonSubject0609\CRA_2nd_CommonSubject0609.vcxproj", "{D939F4AE-DACB-4C5B-872C-F1D9E5B39C2D}"
EndProject
Global
	GlobalSection(SolutionConfigurationPlatforms) = preSolution
		Debug|x64 = Debug|x64
		Debug|x86 = Debug|x86
		Release|x64 = Release|x64
		Release|x86 = Release|x86
	EndGlobalSection
	GlobalSection(ProjectConfigurationPlatforms) = postSolution
		{D939F4AE-DACB-4C5B-872C-F1D9E5B39C2D}.Debug|x64.ActiveCfg = Debug|x64
		{D939F4AE-DACB-4C5B-872C-F1D9E5B39C2D}.Debug|x64.Build.0 = Debug|x64
		{D939F4AE-DACB-4C5B-872C-F1D9E5B39C2D}.Debug|x86.ActiveCfg = Debug|Win32
		{D939F4AE-DACB-4C5B-872C-F1D9E5B39C2D}.Debug|x86.Build.0 = Debug|Win32
		{D939F4AE-DACB-4C5B-872C-F1D9E5B39C2D}.Release|x64.ActiveCfg = Release|x64
		{D939F4AE-DACB-4C5B-872C-F1D9E5B39C2D}.Release|x64.Build.0 = Release|x64
		{D939F4AE-DACB-4C5B-872C-F1D9E5B39C2D}.Release|x86.ActiveCfg = Release|Win32
		{D939F4AE-DACB-4C5B-872C-F1D9E5B39C2D}.Release|x86.Build.0 = Release|Win32
	EndGlobalSection
	GlobalSection(SolutionProperties) = preSolution
		HideSolutionNode = FALSE
	EndGlobalSection
	GlobalSection(ExtensibilityGlobals) = postSolution
		SolutionGuid = {D217B48F-E665-4B20-AED2-84408EFA381A}
	EndGlobalSection
EndGlobal
